
Microsoft Visual Studio Solution File, Format Version 12.00
# Visual Studio 15
VisualStudioVersion = 15.0.28307.572
MinimumVisualStudioVersion = 10.0.40219.1
Project("{FAE04EC0-301F-11D3-BF4B-00C04F79EFBC}") = "SalesWebMvc", "SalesWebMvc\SalesWebMvc.csproj", "{C089F2DE-C9C3-4B2D-BC45-6550F0F91520}"
EndProject
Global
	GlobalSection(SolutionConfigurationPlatforms) = preSolution
		Debug|Any CPU = Debug|Any CPU
		Release|Any CPU = Release|Any CPU
	EndGlobalSection
	GlobalSection(ProjectConfigurationPlatforms) = postSolution
		{C089F2DE-C9C3-4B2D-BC45-6550F0F91520}.Debug|Any CPU.ActiveCfg = Debug|Any CPU
		{C089F2DE-C9C3-4B2D-BC45-6550F0F91520}.Debug|Any CPU.Build.0 = Debug|Any CPU
		{C089F2DE-C9C3-4B2D-BC45-6550F0F91520}.Release|Any CPU.ActiveCfg = Release|Any CPU
		{C089F2DE-C9C3-4B2D-BC45-6550F0F91520}.Release|Any CPU.Build.0 = Release|Any CPU
	EndGlobalSection
	GlobalSection(SolutionProperties) = preSolution
		HideSolutionNode = FALSE
	EndGlobalSection
	GlobalSection(ExtensibilityGlobals) = postSolution
		SolutionGuid = {E5C51B04-4BEA-41CF-B79F-7A0323D530B7}
	EndGlobalSection
EndGlobal
